
Microsoft Visual Studio Solution File, Format Version 12.00
# Visual Studio 14
VisualStudioVersion = 14.0.25420.1
MinimumVisualStudioVersion = 10.0.40219.1
Project("{FAE04EC0-301F-11D3-BF4B-00C04F79EFBC}") = "MadsMikkel.Utils.Numerics", "MadsMikkel.Utils.Numerics\MadsMikkel.Utils.Numerics.csproj", "{80E6D570-2CCA-421C-BBB8-18C9FE85C8D3}"
EndProject
Project("{2150E333-8FDC-42A3-9474-1A3956D46DE8}") = "MadsMikkel.Utils.DataStructures", "MadsMikkel.Utils.DataStructures", "{22D41CD9-CE5B-4515-A09B-60A537493A76}"
EndProject
Project("{FAE04EC0-301F-11D3-BF4B-00C04F79EFBC}") = "MadsMikkel.Utils.DataStructures.Graphs", "MadsMikkel.Utils.DataStructures.Graphs\MadsMikkel.Utils.DataStructures.Graphs.csproj", "{06B9D2EE-F85A-4110-ADE5-D1DF8FF2160A}"
EndProject
Project("{2150E333-8FDC-42A3-9474-1A3956D46DE8}") = "Tests", "Tests", "{2B06F9C3-D4DC-4EB6-96D2-E6299AF197CC}"
EndProject
Project("{FAE04EC0-301F-11D3-BF4B-00C04F79EFBC}") = "MadsMikkel.Utils.DataStructures.Graphs.Tests", "MadsMikkel.Utils.DataStructures.Graphs.Tests\MadsMikkel.Utils.DataStructures.Graphs.Tests.csproj", "{29097D44-1167-4F78-A1E1-6565C706178E}"
EndProject
Project("{FAE04EC0-301F-11D3-BF4B-00C04F79EFBC}") = "ConsoleApplication1", "ConsoleApplication1\ConsoleApplication1.csproj", "{027D9E96-E7CA-4D82-B2B0-EBE84E4BA02F}"
EndProject
Global
	GlobalSection(SolutionConfigurationPlatforms) = preSolution
		Debug|Any CPU = Debug|Any CPU
		Release|Any CPU = Release|Any CPU
	EndGlobalSection
	GlobalSection(ProjectConfigurationPlatforms) = postSolution
		{80E6D570-2CCA-421C-BBB8-18C9FE85C8D3}.Debug|Any CPU.ActiveCfg = Debug|Any CPU
		{80E6D570-2CCA-421C-BBB8-18C9FE85C8D3}.Debug|Any CPU.Build.0 = Debug|Any CPU
		{80E6D570-2CCA-421C-BBB8-18C9FE85C8D3}.Release|Any CPU.ActiveCfg = Release|Any CPU
		{80E6D570-2CCA-421C-BBB8-18C9FE85C8D3}.Release|Any CPU.Build.0 = Release|Any CPU
		{06B9D2EE-F85A-4110-ADE5-D1DF8FF2160A}.Debug|Any CPU.ActiveCfg = Debug|Any CPU
		{06B9D2EE-F85A-4110-ADE5-D1DF8FF2160A}.Debug|Any CPU.Build.0 = Debug|Any CPU
		{06B9D2EE-F85A-4110-ADE5-D1DF8FF2160A}.Release|Any CPU.ActiveCfg = Release|Any CPU
		{06B9D2EE-F85A-4110-ADE5-D1DF8FF2160A}.Release|Any CPU.Build.0 = Release|Any CPU
		{29097D44-1167-4F78-A1E1-6565C706178E}.Debug|Any CPU.ActiveCfg = Debug|Any CPU
		{29097D44-1167-4F78-A1E1-6565C706178E}.Debug|Any CPU.Build.0 = Debug|Any CPU
		{29097D44-1167-4F78-A1E1-6565C706178E}.Release|Any CPU.ActiveCfg = Release|Any CPU
		{29097D44-1167-4F78-A1E1-6565C706178E}.Release|Any CPU.Build.0 = Release|Any CPU
		{027D9E96-E7CA-4D82-B2B0-EBE84E4BA02F}.Debug|Any CPU.ActiveCfg = Debug|Any CPU
		{027D9E96-E7CA-4D82-B2B0-EBE84E4BA02F}.Debug|Any CPU.Build.0 = Debug|Any CPU
		{027D9E96-E7CA-4D82-B2B0-EBE84E4BA02F}.Release|Any CPU.ActiveCfg = Release|Any CPU
		{027D9E96-E7CA-4D82-B2B0-EBE84E4BA02F}.Release|Any CPU.Build.0 = Release|Any CPU
	EndGlobalSection
	GlobalSection(SolutionProperties) = preSolution
		HideSolutionNode = FALSE
	EndGlobalSection
	GlobalSection(NestedProjects) = preSolution
		{06B9D2EE-F85A-4110-ADE5-D1DF8FF2160A} = {22D41CD9-CE5B-4515-A09B-60A537493A76}
		{2B06F9C3-D4DC-4EB6-96D2-E6299AF197CC} = {22D41CD9-CE5B-4515-A09B-60A537493A76}
		{29097D44-1167-4F78-A1E1-6565C706178E} = {2B06F9C3-D4DC-4EB6-96D2-E6299AF197CC}
		{027D9E96-E7CA-4D82-B2B0-EBE84E4BA02F} = {2B06F9C3-D4DC-4EB6-96D2-E6299AF197CC}
	EndGlobalSection
EndGlobal
